
Microsoft Visual Studio Solution File, Format Version 12.00
# Visual Studio Version 16
VisualStudioVersion = 16.0.30114.105
MinimumVisualStudioVersion = 10.0.40219.1
Project("{FAE04EC0-301F-11D3-BF4B-00C04F79EFBC}") = "HttpClientBenchmark", "HttpClientBenchmark\HttpClientBenchmark.csproj", "{1F83A34D-1C76-46D5-B4FB-C9D9007A3714}"
EndProject
Global
	GlobalSection(SolutionConfigurationPlatforms) = preSolution
		Debug|Any CPU = Debug|Any CPU
		Release|Any CPU = Release|Any CPU
	EndGlobalSection
	GlobalSection(ProjectConfigurationPlatforms) = postSolution
		{1F83A34D-1C76-46D5-B4FB-C9D9007A3714}.Debug|Any CPU.ActiveCfg = Debug|Any CPU
		{1F83A34D-1C76-46D5-B4FB-C9D9007A3714}.Debug|Any CPU.Build.0 = Debug|Any CPU
		{1F83A34D-1C76-46D5-B4FB-C9D9007A3714}.Release|Any CPU.ActiveCfg = Release|Any CPU
		{1F83A34D-1C76-46D5-B4FB-C9D9007A3714}.Release|Any CPU.Build.0 = Release|Any CPU
	EndGlobalSection
	GlobalSection(SolutionProperties) = preSolution
		HideSolutionNode = FALSE
	EndGlobalSection
	GlobalSection(ExtensibilityGlobals) = postSolution
		SolutionGuid = {E022F794-D603-4C6D-B0A6-8E3081F503F0}
	EndGlobalSection
EndGlobal
