{
  "name": "nodehttpclientbenchmark",
  "version": "1.0.0",
  "lockfileVersion": 1,
  "requires": true,
  "dependencies": {
    "benchmark": {
      "version": "2.1.4",
      "resolved": "https://registry.npmjs.org/benchmark/-/benchmark-2.1.4.tgz",
      "integrity": "sha1-CfPeMckWQl1JjMLuVloOvzwqVik=",
      "requires": {
        "lodash": "^4.17.4",
        "platform": "^1.3.3"
      },
      "dependencies": {
        "platform": {
          "version": "1.3.5",
          "resolved": "https://registry.npmjs.org/platform/-/platform-1.3.5.tgz",
          "integrity": "sha512-TuvHS8AOIZNAlE77WUDiR4rySV/VMptyMfcfeoMgs4P8apaZM3JrnbzBiixKUv+XR6i+BXrQh8WAnjaSPFO65Q=="
        }
      }
    },
    "benchmark-json-reporter": {
      "version": "1.1.0",
      "resolved": "https://registry.npmjs.org/benchmark-json-reporter/-/benchmark-json-reporter-1.1.0.tgz",
      "integrity": "sha512-XKSrP1s1xDNjUTzq0c22vimxdXWoK0aRywLRbwLZ/xx9VRoGc5rCwJZ+eujxHhXvjDHwtwruJ2M3fFlz2t0Gqg==",
      "requires": {
        "systeminformation": "^3.47.0"
      }
    },
    "lodash": {
      "version": "4.17.21",
      "resolved": "https://registry.npmjs.org/lodash/-/lodash-4.17.21.tgz",
      "integrity": "sha512-v2kDEe57lecTulaDIuNTPy3Ry4gLGJ6Z1O3vE1krgXZNrsQ+LFTGHVxVjcXPs17LhbZVGedAJv8XZ1tvj5FvSg=="
    },
    "node-fetch": {
      "version": "2.6.1",
      "resolved": "https://registry.npmjs.org/node-fetch/-/node-fetch-2.6.1.tgz",
      "integrity": "sha512-V4aYg89jEoVRxRb2fJdAg8FHvI7cEyYdVAh94HH0UIK8oJxUfkjlDQN9RbMx+bEjP7+ggMiFRprSti032Oipxw=="
    },
    "systeminformation": {
      "version": "3.54.0",
      "resolved": "https://registry.npmjs.org/systeminformation/-/systeminformation-3.54.0.tgz",
      "integrity": "sha512-kWzMlMS4B2bz+b9qhmdrbdZZuVpf3LJr4lbIZbOVbfXlJLlPJLmoUlCy+2VmTd/ow1xZGUkaQNBSz0X19NViWA=="
    }
  }
}
